
Microsoft Visual Studio Solution File, Format Version 12.00
# Visual Studio Version 16
VisualStudioVersion = 16.0.29409.12
MinimumVisualStudioVersion = 10.0.40219.1
Project("{9A19103F-16F7-4668-BE54-9A1E7A4F7556}") = "SnWebApplicationWithIdentity", "SnWebApplicationWithIdentity\SnWebApplicationWithIdentity.csproj", "{CAC7C88A-0D1E-48DC-8918-8922408D97CA}"
EndProject
Project("{9A19103F-16F7-4668-BE54-9A1E7A4F7556}") = "SnConsoleInstaller", "SnConsoleInstaller\SnConsoleInstaller.csproj", "{424C74DC-F1FD-4DF8-8311-1EF450587AC1}"
EndProject
Project("{9A19103F-16F7-4668-BE54-9A1E7A4F7556}") = "SnWebApplicationWithExternalIS4", "SnWebApplicationWithExternalIS4\SnWebApplicationWithExternalIS4.csproj", "{B108F8F9-E01A-4270-9C35-68A4C906D0F7}"
EndProject
Global
	GlobalSection(SolutionConfigurationPlatforms) = preSolution
		Debug|Any CPU = Debug|Any CPU
		Release|Any CPU = Release|Any CPU
	EndGlobalSection
	GlobalSection(ProjectConfigurationPlatforms) = postSolution
		{CAC7C88A-0D1E-48DC-8918-8922408D97CA}.Debug|Any CPU.ActiveCfg = Debug|Any CPU
		{CAC7C88A-0D1E-48DC-8918-8922408D97CA}.Debug|Any CPU.Build.0 = Debug|Any CPU
		{CAC7C88A-0D1E-48DC-8918-8922408D97CA}.Release|Any CPU.ActiveCfg = Release|Any CPU
		{CAC7C88A-0D1E-48DC-8918-8922408D97CA}.Release|Any CPU.Build.0 = Release|Any CPU
		{424C74DC-F1FD-4DF8-8311-1EF450587AC1}.Debug|Any CPU.ActiveCfg = Debug|Any CPU
		{424C74DC-F1FD-4DF8-8311-1EF450587AC1}.Debug|Any CPU.Build.0 = Debug|Any CPU
		{424C74DC-F1FD-4DF8-8311-1EF450587AC1}.Release|Any CPU.ActiveCfg = Release|Any CPU
		{424C74DC-F1FD-4DF8-8311-1EF450587AC1}.Release|Any CPU.Build.0 = Release|Any CPU
		{B108F8F9-E01A-4270-9C35-68A4C906D0F7}.Debug|Any CPU.ActiveCfg = Debug|Any CPU
		{B108F8F9-E01A-4270-9C35-68A4C906D0F7}.Debug|Any CPU.Build.0 = Debug|Any CPU
		{B108F8F9-E01A-4270-9C35-68A4C906D0F7}.Release|Any CPU.ActiveCfg = Release|Any CPU
		{B108F8F9-E01A-4270-9C35-68A4C906D0F7}.Release|Any CPU.Build.0 = Release|Any CPU
	EndGlobalSection
	GlobalSection(SolutionProperties) = preSolution
		HideSolutionNode = FALSE
	EndGlobalSection
	GlobalSection(ExtensibilityGlobals) = postSolution
		SolutionGuid = {79457ECA-11DA-4CD6-AD80-2B6798F9C30C}
	EndGlobalSection
EndGlobal
